
Microsoft Visual Studio Solution File, Format Version 12.00
# Visual Studio Version 17
VisualStudioVersion = 17.14.36603.0
MinimumVisualStudioVersion = 10.0.40219.1
Project("{FAE04EC0-301F-11D3-BF4B-00C04F79EFBC}") = "ApiGateway", "ApiGateway\ApiGateway.csproj", "{1F07B009-D9F5-444D-A9AB-AA6DEB67B9D2}"
EndProject
Project("{FAE04EC0-301F-11D3-BF4B-00C04F79EFBC}") = "Workflow", "Workflow\Workflow.csproj", "{77477FC7-0745-4BFF-BF27-54F728E45B84}"
EndProject
Project("{FAE04EC0-301F-11D3-BF4B-00C04F79EFBC}") = "LiqPayProviderService", "LiqPayProviderService\LiqPayProviderService.csproj", "{F406EF38-88FD-4BBC-A607-3657845CEC7E}"
EndProject
Project("{E53339B2-1760-4266-BCC7-CA923CBCF16C}") = "docker-compose", "docker-compose.dcproj", "{81DDED9D-158B-E303-5F62-77A2896D2A5A}"
EndProject
Project("{FAE04EC0-301F-11D3-BF4B-00C04F79EFBC}") = "SharedContracts", "SharedContracts\SharedContracts.csproj", "{7217B531-867B-A162-BED7-B119BBCF33D5}"
EndProject
Project("{FAE04EC0-301F-11D3-BF4B-00C04F79EFBC}") = "SignalRProviderService", "SignalRProviderService\SignalRProviderService.csproj", "{5E3083F4-30AB-48FC-8CD0-723BB8475E2A}"
EndProject
Project("{FAE04EC0-301F-11D3-BF4B-00C04F79EFBC}") = "BlockchainProviderService", "BlockchainProviderService\BlockchainProviderService.csproj", "{5A9282F5-281B-49A4-BFCA-ACB4EA753E37}"
EndProject
Global
	GlobalSection(SolutionConfigurationPlatforms) = preSolution
		Debug|Any CPU = Debug|Any CPU
		Debug|x64 = Debug|x64
		Debug|x86 = Debug|x86
		Release|Any CPU = Release|Any CPU
		Release|x64 = Release|x64
		Release|x86 = Release|x86
	EndGlobalSection
	GlobalSection(ProjectConfigurationPlatforms) = postSolution
		{1F07B009-D9F5-444D-A9AB-AA6DEB67B9D2}.Debug|Any CPU.ActiveCfg = Debug|Any CPU
		{1F07B009-D9F5-444D-A9AB-AA6DEB67B9D2}.Debug|Any CPU.Build.0 = Debug|Any CPU
		{1F07B009-D9F5-444D-A9AB-AA6DEB67B9D2}.Debug|x64.ActiveCfg = Debug|Any CPU
		{1F07B009-D9F5-444D-A9AB-AA6DEB67B9D2}.Debug|x64.Build.0 = Debug|Any CPU
		{1F07B009-D9F5-444D-A9AB-AA6DEB67B9D2}.Debug|x86.ActiveCfg = Debug|Any CPU
		{1F07B009-D9F5-444D-A9AB-AA6DEB67B9D2}.Debug|x86.Build.0 = Debug|Any CPU
		{1F07B009-D9F5-444D-A9AB-AA6DEB67B9D2}.Release|Any CPU.ActiveCfg = Release|Any CPU
		{1F07B009-D9F5-444D-A9AB-AA6DEB67B9D2}.Release|Any CPU.Build.0 = Release|Any CPU
		{1F07B009-D9F5-444D-A9AB-AA6DEB67B9D2}.Release|x64.ActiveCfg = Release|Any CPU
		{1F07B009-D9F5-444D-A9AB-AA6DEB67B9D2}.Release|x64.Build.0 = Release|Any CPU
		{1F07B009-D9F5-444D-A9AB-AA6DEB67B9D2}.Release|x86.ActiveCfg = Release|Any CPU
		{1F07B009-D9F5-444D-A9AB-AA6DEB67B9D2}.Release|x86.Build.0 = Release|Any CPU
		{77477FC7-0745-4BFF-BF27-54F728E45B84}.Debug|Any CPU.ActiveCfg = Debug|Any CPU
		{77477FC7-0745-4BFF-BF27-54F728E45B84}.Debug|Any CPU.Build.0 = Debug|Any CPU
		{77477FC7-0745-4BFF-BF27-54F728E45B84}.Debug|x64.ActiveCfg = Debug|Any CPU
		{77477FC7-0745-4BFF-BF27-54F728E45B84}.Debug|x64.Build.0 = Debug|Any CPU
		{77477FC7-0745-4BFF-BF27-54F728E45B84}.Debug|x86.ActiveCfg = Debug|Any CPU
		{77477FC7-0745-4BFF-BF27-54F728E45B84}.Debug|x86.Build.0 = Debug|Any CPU
		{77477FC7-0745-4BFF-BF27-54F728E45B84}.Release|Any CPU.ActiveCfg = Release|Any CPU
		{77477FC7-0745-4BFF-BF27-54F728E45B84}.Release|Any CPU.Build.0 = Release|Any CPU
		{77477FC7-0745-4BFF-BF27-54F728E45B84}.Release|x64.ActiveCfg = Release|Any CPU
		{77477FC7-0745-4BFF-BF27-54F728E45B84}.Release|x64.Build.0 = Release|Any CPU
		{77477FC7-0745-4BFF-BF27-54F728E45B84}.Release|x86.ActiveCfg = Release|Any CPU
		{77477FC7-0745-4BFF-BF27-54F728E45B84}.Release|x86.Build.0 = Release|Any CPU
		{F406EF38-88FD-4BBC-A607-3657845CEC7E}.Debug|Any CPU.ActiveCfg = Debug|Any CPU
		{F406EF38-88FD-4BBC-A607-3657845CEC7E}.Debug|Any CPU.Build.0 = Debug|Any CPU
		{F406EF38-88FD-4BBC-A607-3657845CEC7E}.Debug|x64.ActiveCfg = Debug|Any CPU
		{F406EF38-88FD-4BBC-A607-3657845CEC7E}.Debug|x64.Build.0 = Debug|Any CPU
		{F406EF38-88FD-4BBC-A607-3657845CEC7E}.Debug|x86.ActiveCfg = Debug|Any CPU
		{F406EF38-88FD-4BBC-A607-3657845CEC7E}.Debug|x86.Build.0 = Debug|Any CPU
		{F406EF38-88FD-4BBC-A607-3657845CEC7E}.Release|Any CPU.ActiveCfg = Release|Any CPU
		{F406EF38-88FD-4BBC-A607-3657845CEC7E}.Release|Any CPU.Build.0 = Release|Any CPU
		{F406EF38-88FD-4BBC-A607-3657845CEC7E}.Release|x64.ActiveCfg = Release|Any CPU
		{F406EF38-88FD-4BBC-A607-3657845CEC7E}.Release|x64.Build.0 = Release|Any CPU
		{F406EF38-88FD-4BBC-A607-3657845CEC7E}.Release|x86.ActiveCfg = Release|Any CPU
		{F406EF38-88FD-4BBC-A607-3657845CEC7E}.Release|x86.Build.0 = Release|Any CPU
		{81DDED9D-158B-E303-5F62-77A2896D2A5A}.Debug|Any CPU.ActiveCfg = Debug|Any CPU
		{81DDED9D-158B-E303-5F62-77A2896D2A5A}.Debug|Any CPU.Build.0 = Debug|Any CPU
		{81DDED9D-158B-E303-5F62-77A2896D2A5A}.Debug|x64.ActiveCfg = Debug|x64
		{81DDED9D-158B-E303-5F62-77A2896D2A5A}.Debug|x86.ActiveCfg = Debug|x86
		{81DDED9D-158B-E303-5F62-77A2896D2A5A}.Release|Any CPU.ActiveCfg = Release|Any CPU
		{81DDED9D-158B-E303-5F62-77A2896D2A5A}.Release|Any CPU.Build.0 = Release|Any CPU
		{81DDED9D-158B-E303-5F62-77A2896D2A5A}.Release|x64.ActiveCfg = Release|x64
		{81DDED9D-158B-E303-5F62-77A2896D2A5A}.Release|x86.ActiveCfg = Release|x86
		{7217B531-867B-A162-BED7-B119BBCF33D5}.Debug|Any CPU.ActiveCfg = Debug|Any CPU
		{7217B531-867B-A162-BED7-B119BBCF33D5}.Debug|Any CPU.Build.0 = Debug|Any CPU
		{7217B531-867B-A162-BED7-B119BBCF33D5}.Debug|x64.ActiveCfg = Debug|Any CPU
		{7217B531-867B-A162-BED7-B119BBCF33D5}.Debug|x64.Build.0 = Debug|Any CPU
		{7217B531-867B-A162-BED7-B119BBCF33D5}.Debug|x86.ActiveCfg = Debug|Any CPU
		{7217B531-867B-A162-BED7-B119BBCF33D5}.Debug|x86.Build.0 = Debug|Any CPU
		{7217B531-867B-A162-BED7-B119BBCF33D5}.Release|Any CPU.ActiveCfg = Release|Any CPU
		{7217B531-867B-A162-BED7-B119BBCF33D5}.Release|Any CPU.Build.0 = Release|Any CPU
		{7217B531-867B-A162-BED7-B119BBCF33D5}.Release|x64.ActiveCfg = Release|Any CPU
		{7217B531-867B-A162-BED7-B119BBCF33D5}.Release|x64.Build.0 = Release|Any CPU
		{7217B531-867B-A162-BED7-B119BBCF33D5}.Release|x86.ActiveCfg = Release|Any CPU
		{7217B531-867B-A162-BED7-B119BBCF33D5}.Release|x86.Build.0 = Release|Any CPU
		{5E3083F4-30AB-48FC-8CD0-723BB8475E2A}.Debug|Any CPU.ActiveCfg = Debug|Any CPU
		{5E3083F4-30AB-48FC-8CD0-723BB8475E2A}.Debug|Any CPU.Build.0 = Debug|Any CPU
		{5E3083F4-30AB-48FC-8CD0-723BB8475E2A}.Debug|x64.ActiveCfg = Debug|Any CPU
		{5E3083F4-30AB-48FC-8CD0-723BB8475E2A}.Debug|x64.Build.0 = Debug|Any CPU
		{5E3083F4-30AB-48FC-8CD0-723BB8475E2A}.Debug|x86.ActiveCfg = Debug|Any CPU
		{5E3083F4-30AB-48FC-8CD0-723BB8475E2A}.Debug|x86.Build.0 = Debug|Any CPU
		{5E3083F4-30AB-48FC-8CD0-723BB8475E2A}.Release|Any CPU.ActiveCfg = Release|Any CPU
		{5E3083F4-30AB-48FC-8CD0-723BB8475E2A}.Release|Any CPU.Build.0 = Release|Any CPU
		{5E3083F4-30AB-48FC-8CD0-723BB8475E2A}.Release|x64.ActiveCfg = Release|Any CPU
		{5E3083F4-30AB-48FC-8CD0-723BB8475E2A}.Release|x64.Build.0 = Release|Any CPU
		{5E3083F4-30AB-48FC-8CD0-723BB8475E2A}.Release|x86.ActiveCfg = Release|Any CPU
		{5E3083F4-30AB-48FC-8CD0-723BB8475E2A}.Release|x86.Build.0 = Release|Any CPU
		{5A9282F5-281B-49A4-BFCA-ACB4EA753E37}.Debug|Any CPU.ActiveCfg = Debug|Any CPU
		{5A9282F5-281B-49A4-BFCA-ACB4EA753E37}.Debug|Any CPU.Build.0 = Debug|Any CPU
		{5A9282F5-281B-49A4-BFCA-ACB4EA753E37}.Debug|x64.ActiveCfg = Debug|Any CPU
		{5A9282F5-281B-49A4-BFCA-ACB4EA753E37}.Debug|x64.Build.0 = Debug|Any CPU
		{5A9282F5-281B-49A4-BFCA-ACB4EA753E37}.Debug|x86.ActiveCfg = Debug|Any CPU
		{5A9282F5-281B-49A4-BFCA-ACB4EA753E37}.Debug|x86.Build.0 = Debug|Any CPU
		{5A9282F5-281B-49A4-BFCA-ACB4EA753E37}.Release|Any CPU.ActiveCfg = Release|Any CPU
		{5A9282F5-281B-49A4-BFCA-ACB4EA753E37}.Release|Any CPU.Build.0 = Release|Any CPU
		{5A9282F5-281B-49A4-BFCA-ACB4EA753E37}.Release|x64.ActiveCfg = Release|Any CPU
		{5A9282F5-281B-49A4-BFCA-ACB4EA753E37}.Release|x64.Build.0 = Release|Any CPU
		{5A9282F5-281B-49A4-BFCA-ACB4EA753E37}.Release|x86.ActiveCfg = Release|Any CPU
		{5A9282F5-281B-49A4-BFCA-ACB4EA753E37}.Release|x86.Build.0 = Release|Any CPU
	EndGlobalSection
	GlobalSection(SolutionProperties) = preSolution
		HideSolutionNode = FALSE
	EndGlobalSection
	GlobalSection(ExtensibilityGlobals) = postSolution
		SolutionGuid = {F2472536-7E62-48A5-9CBD-E6021E3703F8}
	EndGlobalSection
EndGlobal
